{
    "version": 3,
    "terraform_version": "0.11.14",
    "serial": 1,
    "lineage": "daade64b-23ef-daeb-61a3-ea88a5bc36a9",
    "modules": [
        {
            "path": [
                "root"
            ],
            "outputs": {},
            "resources": {
                "aws_autoscaling_group.example": {
                    "type": "aws_autoscaling_group",
                    "depends_on": [
                        "aws_launch_template.example"
                    ],
                    "primary": {
                        "id": "tf-asg-20200624012003576100000003",
                        "attributes": {
                            "arn": "arn:aws:autoscaling:us-east-1:352090075257:autoScalingGroup:e0ca777a-de76-4944-b856-73c9b86f524e:autoScalingGroupName/tf-asg-20200624012003576100000003",
                            "availability_zones.#": "3",
                            "availability_zones.1305112097": "us-east-1b",
                            "availability_zones.3569565595": "us-east-1a",
                            "availability_zones.986537655": "us-east-1c",
                            "default_cooldown": "300",
                            "desired_capacity": "1",
                            "enabled_metrics.#": "0",
                            "force_delete": "false",
                            "health_check_grace_period": "300",
                            "health_check_type": "EC2",
                            "id": "tf-asg-20200624012003576100000003",
                            "launch_configuration": "",
                            "launch_template.#": "0",
                            "load_balancers.#": "0",
                            "max_instance_lifetime": "0",
                            "max_size": "1",
                            "metrics_granularity": "1Minute",
                            "min_size": "1",
                            "mixed_instances_policy.#": "1",
                            "mixed_instances_policy.0.instances_distribution.#": "1",
                            "mixed_instances_policy.0.instances_distribution.0.on_demand_allocation_strategy": "prioritized",
                            "mixed_instances_policy.0.instances_distribution.0.on_demand_base_capacity": "0",
                            "mixed_instances_policy.0.instances_distribution.0.on_demand_percentage_above_base_capacity": "100",
                            "mixed_instances_policy.0.instances_distribution.0.spot_allocation_strategy": "lowest-price",
                            "mixed_instances_policy.0.instances_distribution.0.spot_instance_pools": "2",
                            "mixed_instances_policy.0.instances_distribution.0.spot_max_price": "",
                            "mixed_instances_policy.0.launch_template.#": "1",
                            "mixed_instances_policy.0.launch_template.0.launch_template_specification.#": "1",
                            "mixed_instances_policy.0.launch_template.0.launch_template_specification.0.launch_template_id": "lt-0508503c591514c80",
                            "mixed_instances_policy.0.launch_template.0.launch_template_specification.0.launch_template_name": "example20200624012002405800000001",
                            "mixed_instances_policy.0.launch_template.0.launch_template_specification.0.version": "$Default",
                            "mixed_instances_policy.0.launch_template.0.override.#": "2",
                            "mixed_instances_policy.0.launch_template.0.override.0.instance_type": "c4.large",
                            "mixed_instances_policy.0.launch_template.0.override.0.weighted_capacity": "3",
                            "mixed_instances_policy.0.launch_template.0.override.1.instance_type": "c3.large",
                            "mixed_instances_policy.0.launch_template.0.override.1.weighted_capacity": "2",
                            "name": "tf-asg-20200624012003576100000003",
                            "placement_group": "",
                            "protect_from_scale_in": "false",
                            "service_linked_role_arn": "arn:aws:iam::352090075257:role/aws-service-role/autoscaling.amazonaws.com/AWSServiceRoleForAutoScaling",
                            "suspended_processes.#": "0",
                            "tag.#": "0",
                            "target_group_arns.#": "0",
                            "termination_policies.#": "0",
                            "vpc_zone_identifier.#": "0",
                            "wait_for_capacity_timeout": "10m"
                        },
                        "meta": {
                            "e2bfb730-ecaa-11e6-8f88-34363bc7c4c0": {
                                "delete": 600000000000
                            }
                        },
                        "tainted": false
                    },
                    "deposed": [],
                    "provider": "provider.aws"
                },
                "aws_key_pair.us-east-1-key": {
                    "type": "aws_key_pair",
                    "depends_on": [],
                    "primary": {
                        "id": "asg-key-pair",
                        "attributes": {
                            "arn": "arn:aws:ec2:us-east-1:352090075257:key-pair/asg-key-pair",
                            "fingerprint": "95:59:2c:50:e7:1e:a6:64:25:4c:56:7c:5e:09:01:1a",
                            "id": "asg-key-pair",
                            "key_name": "asg-key-pair",
                            "key_pair_id": "key-04b9e11a52d30d411",
                            "public_key": "ssh-rsa AAAAB3NzaC1yc2EAAAADAQABAAABAQCtNLuTnYrpOuzpEMv+vywGRDSTK/emsJbNrjsnVQFu05Vt2DUqHBrhOZyFdg4pzrDumyHGKKoc10Zzhf02c7oTpXDVtblB/DSWkvLwAkgOUpcI7hv+5yAgaiOizoD/1QsD2EBEs8ku55iUb3MlXX25xp7OuwVJRFjk4ZEnMtUHFu+YAd/1PEw0Oo11UIzIDPseJkazp6st7kH6IDH2pqzAg8r34iqINhsZ9xlQd6KuxIJeWmQN4r4RhGvhf3//k2UfgAkCbLjmYLcii04E1wgo2QamKCmAfU0SQSmhxWRcUMocwEE3wgBN6qbBbH2jKzSouxOPTd7qXvOZwtbLAKHL ec2-user@ip-172-31-9-200",
                            "tags.%": "0"
                        },
                        "meta": {
                            "schema_version": "1"
                        },
                        "tainted": false
                    },
                    "deposed": [],
                    "provider": "provider.aws"
                },
                "aws_launch_template.example": {
                    "type": "aws_launch_template",
                    "depends_on": [
                        "aws_key_pair.us-east-1-key",
                        "aws_security_group.asg-sec-group",
                        "data.aws_ami.image"
                    ],
                    "primary": {
                        "id": "lt-0508503c591514c80",
                        "attributes": {
                            "arn": "arn:aws:ec2:us-east-1:352090075257:launch-template/lt-0508503c591514c80",
                            "block_device_mappings.#": "0",
                            "capacity_reservation_specification.#": "0",
                            "cpu_options.#": "0",
                            "default_version": "1",
                            "description": "",
                            "disable_api_termination": "false",
                            "ebs_optimized": "",
                            "elastic_gpu_specifications.#": "0",
                            "elastic_inference_accelerator.#": "0",
                            "hibernation_options.#": "0",
                            "iam_instance_profile.#": "0",
                            "id": "lt-0508503c591514c80",
                            "image_id": "ami-05b76e217ebb8b2c2",
                            "instance_initiated_shutdown_behavior": "",
                            "instance_market_options.#": "0",
                            "instance_type": "c5.large",
                            "kernel_id": "",
                            "key_name": "asg-key-pair",
                            "latest_version": "1",
                            "license_specification.#": "0",
                            "metadata_options.#": "0",
                            "monitoring.#": "0",
                            "name": "example20200624012002405800000001",
                            "name_prefix": "example",
                            "network_interfaces.#": "0",
                            "placement.#": "0",
                            "ram_disk_id": "",
                            "security_group_names.#": "0",
                            "tag_specifications.#": "0",
                            "tags.%": "0",
                            "user_data": "",
                            "vpc_security_group_ids.#": "1",
                            "vpc_security_group_ids.3805688695": "sg-0c27c069a23d8cec6"
                        },
                        "meta": {},
                        "tainted": false
                    },
                    "deposed": [],
                    "provider": "provider.aws"
                },
                "aws_security_group.asg-sec-group": {
                    "type": "aws_security_group",
                    "depends_on": [],
                    "primary": {
                        "id": "sg-0c27c069a23d8cec6",
                        "attributes": {
                            "arn": "arn:aws:ec2:us-east-1:352090075257:security-group/sg-0c27c069a23d8cec6",
                            "description": "Allow TLS inbound traffic",
                            "egress.#": "1",
                            "egress.482069346.cidr_blocks.#": "1",
                            "egress.482069346.cidr_blocks.0": "0.0.0.0/0",
                            "egress.482069346.description": "",
                            "egress.482069346.from_port": "0",
                            "egress.482069346.ipv6_cidr_blocks.#": "0",
                            "egress.482069346.prefix_list_ids.#": "0",
                            "egress.482069346.protocol": "-1",
                            "egress.482069346.security_groups.#": "0",
                            "egress.482069346.self": "false",
                            "egress.482069346.to_port": "0",
                            "id": "sg-0c27c069a23d8cec6",
                            "ingress.#": "1",
                            "ingress.22768159.cidr_blocks.#": "1",
                            "ingress.22768159.cidr_blocks.0": "0.0.0.0/0",
                            "ingress.22768159.description": "TLS from VPC",
                            "ingress.22768159.from_port": "22",
                            "ingress.22768159.ipv6_cidr_blocks.#": "0",
                            "ingress.22768159.prefix_list_ids.#": "0",
                            "ingress.22768159.protocol": "tcp",
                            "ingress.22768159.security_groups.#": "0",
                            "ingress.22768159.self": "false",
                            "ingress.22768159.to_port": "22",
                            "name": "asg-sec-group",
                            "owner_id": "352090075257",
                            "revoke_rules_on_delete": "false",
                            "tags.%": "1",
                            "tags.Name": "allow_tls",
                            "vpc_id": "vpc-0791b9ac92c94d736"
                        },
                        "meta": {
                            "e2bfb730-ecaa-11e6-8f88-34363bc7c4c0": {
                                "create": 600000000000,
                                "delete": 600000000000
                            },
                            "schema_version": "1"
                        },
                        "tainted": false
                    },
                    "deposed": [],
                    "provider": "provider.aws"
                },
                "data.aws_ami.image": {
                    "type": "aws_ami",
                    "depends_on": [],
                    "primary": {
                        "id": "ami-05b76e217ebb8b2c2",
                        "attributes": {
                            "architecture": "x86_64",
                            "block_device_mappings.#": "1",
                            "block_device_mappings.3607311014.device_name": "/dev/xvda",
                            "block_device_mappings.3607311014.ebs.%": "6",
                            "block_device_mappings.3607311014.ebs.delete_on_termination": "true",
                            "block_device_mappings.3607311014.ebs.encrypted": "false",
                            "block_device_mappings.3607311014.ebs.iops": "0",
                            "block_device_mappings.3607311014.ebs.snapshot_id": "snap-0b7a8b4aa3d8e4520",
                            "block_device_mappings.3607311014.ebs.volume_size": "8",
                            "block_device_mappings.3607311014.ebs.volume_type": "standard",
                            "block_device_mappings.3607311014.no_device": "",
                            "block_device_mappings.3607311014.virtual_name": "",
                            "creation_date": "2020-06-16T07:15:27.000Z",
                            "description": "Amazon Linux AMI 2018.03.0.20200602.1 x86_64 VPC HVM ebs",
                            "hypervisor": "xen",
                            "id": "ami-05b76e217ebb8b2c2",
                            "image_id": "ami-05b76e217ebb8b2c2",
                            "image_location": "amazon/amzn-ami-vpc-nat-2018.03.0.20200602.1-x86_64-ebs",
                            "image_owner_alias": "amazon",
                            "image_type": "machine",
                            "most_recent": "true",
                            "name": "amzn-ami-vpc-nat-2018.03.0.20200602.1-x86_64-ebs",
                            "owner_id": "137112412989",
                            "owners.#": "1",
                            "owners.0": "137112412989",
                            "product_codes.#": "0",
                            "public": "true",
                            "root_device_name": "/dev/xvda",
                            "root_device_type": "ebs",
                            "root_snapshot_id": "snap-0b7a8b4aa3d8e4520",
                            "sriov_net_support": "simple",
                            "state": "available",
                            "state_reason.%": "2",
                            "state_reason.code": "UNSET",
                            "state_reason.message": "UNSET",
                            "tags.%": "0",
                            "virtualization_type": "hvm"
                        },
                        "meta": {},
                        "tainted": false
                    },
                    "deposed": [],
                    "provider": "provider.aws"
                }
            },
            "depends_on": []
        }
    ]
}
